
Microsoft Visual Studio Solution File, Format Version 12.00
# Visual Studio Version 16
VisualStudioVersion = 16.0.31129.286
MinimumVisualStudioVersion = 10.0.40219.1
Project("{9A19103F-16F7-4668-BE54-9A1E7A4F7556}") = "Booking.API", "WebApplication2\Booking.API.csproj", "{DE018B7B-7C9C-49F1-BE52-D2C4696122BD}"
EndProject
Project("{9A19103F-16F7-4668-BE54-9A1E7A4F7556}") = "Booking.Data", "Data\Booking.Data.csproj", "{6E5E83D3-D443-4E1A-B394-F75BCAAE27E1}"
EndProject
Project("{9A19103F-16F7-4668-BE54-9A1E7A4F7556}") = "Booking.Services", "service\Booking.Services.csproj", "{3103E33E-EE7E-42D5-8686-080C6D6FEB40}"
EndProject
Global
	GlobalSection(SolutionConfigurationPlatforms) = preSolution
		Debug|Any CPU = Debug|Any CPU
		Release|Any CPU = Release|Any CPU
	EndGlobalSection
	GlobalSection(ProjectConfigurationPlatforms) = postSolution
		{DE018B7B-7C9C-49F1-BE52-D2C4696122BD}.Debug|Any CPU.ActiveCfg = Debug|Any CPU
		{DE018B7B-7C9C-49F1-BE52-D2C4696122BD}.Debug|Any CPU.Build.0 = Debug|Any CPU
		{DE018B7B-7C9C-49F1-BE52-D2C4696122BD}.Release|Any CPU.ActiveCfg = Release|Any CPU
		{DE018B7B-7C9C-49F1-BE52-D2C4696122BD}.Release|Any CPU.Build.0 = Release|Any CPU
		{6E5E83D3-D443-4E1A-B394-F75BCAAE27E1}.Debug|Any CPU.ActiveCfg = Debug|Any CPU
		{6E5E83D3-D443-4E1A-B394-F75BCAAE27E1}.Debug|Any CPU.Build.0 = Debug|Any CPU
		{6E5E83D3-D443-4E1A-B394-F75BCAAE27E1}.Release|Any CPU.ActiveCfg = Release|Any CPU
		{6E5E83D3-D443-4E1A-B394-F75BCAAE27E1}.Release|Any CPU.Build.0 = Release|Any CPU
		{3103E33E-EE7E-42D5-8686-080C6D6FEB40}.Debug|Any CPU.ActiveCfg = Debug|Any CPU
		{3103E33E-EE7E-42D5-8686-080C6D6FEB40}.Debug|Any CPU.Build.0 = Debug|Any CPU
		{3103E33E-EE7E-42D5-8686-080C6D6FEB40}.Release|Any CPU.ActiveCfg = Release|Any CPU
		{3103E33E-EE7E-42D5-8686-080C6D6FEB40}.Release|Any CPU.Build.0 = Release|Any CPU
	EndGlobalSection
	GlobalSection(SolutionProperties) = preSolution
		HideSolutionNode = FALSE
	EndGlobalSection
	GlobalSection(ExtensibilityGlobals) = postSolution
		SolutionGuid = {45BA92E9-D174-4143-9578-381BDD75C828}
	EndGlobalSection
EndGlobal
